// !$*UTF8*$!
{
	archiveVersion = 1;
	classes = {
	};
	objectVersion = 56;
	objects = {

/* Begin PBXBuildFile section */
		F62DAE8329D5BC7E00783C9D /* EmojiArtApp.swift in Sources */ = {isa = PBXBuildFile; fileRef = F62DAE8229D5BC7E00783C9D /* EmojiArtApp.swift */; };
		F62DAE8729D5BC7F00783C9D /* Assets.xcassets in Resources */ = {isa = PBXBuildFile; fileRef = F62DAE8629D5BC7F00783C9D /* Assets.xcassets */; };
		F62DAE8A29D5BC7F00783C9D /* Preview Assets.xcassets in Resources */ = {isa = PBXBuildFile; fileRef = F62DAE8929D5BC7F00783C9D /* Preview Assets.xcassets */; };
		F62DAE9129D5BCAE00783C9D /* EmojiiArtModel.swift in Sources */ = {isa = PBXBuildFile; fileRef = F62DAE9029D5BCAE00783C9D /* EmojiiArtModel.swift */; };
		F62DAE9329D5BF0A00783C9D /* EmojiArtModel.Background.swift in Sources */ = {isa = PBXBuildFile; fileRef = F62DAE9229D5BF0A00783C9D /* EmojiArtModel.Background.swift */; };
		F62DAE9529D5BFF900783C9D /* EmojiArtDocument.swift in Sources */ = {isa = PBXBuildFile; fileRef = F62DAE9429D5BFF900783C9D /* EmojiArtDocument.swift */; };
		F62DAE9829D5C19300783C9D /* UtilityExtensions.swift in Sources */ = {isa = PBXBuildFile; fileRef = F62DAE9629D5C19300783C9D /* UtilityExtensions.swift */; };
		F62DAE9929D5C19300783C9D /* UtilityViews.swift in Sources */ = {isa = PBXBuildFile; fileRef = F62DAE9729D5C19300783C9D /* UtilityViews.swift */; };
		F62DAE9B29D5C38B00783C9D /* EmojiArtDocumentView.swift in Sources */ = {isa = PBXBuildFile; fileRef = F62DAE9A29D5C38B00783C9D /* EmojiArtDocumentView.swift */; };
		F64FCD8329E756C50004C43E /* libswiftWebKit.tbd in Frameworks */ = {isa = PBXBuildFile; fileRef = F64FCD8229E756BC0004C43E /* libswiftWebKit.tbd */; };
/* End PBXBuildFile section */

/* Begin PBXFileReference section */
		F62DAE7F29D5BC7E00783C9D /* EmojiArt.app */ = {isa = PBXFileReference; explicitFileType = wrapper.application; includeInIndex = 0; path = EmojiArt.app; sourceTree = BUILT_PRODUCTS_DIR; };
		F62DAE8229D5BC7E00783C9D /* EmojiArtApp.swift */ = {isa = PBXFileReference; lastKnownFileType = sourcecode.swift; path = EmojiArtApp.swift; sourceTree = "<group>"; };
		F62DAE8629D5BC7F00783C9D /* Assets.xcassets */ = {isa = PBXFileReference; lastKnownFileType = folder.assetcatalog; path = Assets.xcassets; sourceTree = "<group>"; };
		F62DAE8929D5BC7F00783C9D /* Preview Assets.xcassets */ = {isa = PBXFileReference; lastKnownFileType = folder.assetcatalog; path = "Preview Assets.xcassets"; sourceTree = "<group>"; };
		F62DAE9029D5BCAE00783C9D /* EmojiiArtModel.swift */ = {isa = PBXFileReference; lastKnownFileType = sourcecode.swift; path = EmojiiArtModel.swift; sourceTree = "<group>"; };
		F62DAE9229D5BF0A00783C9D /* EmojiArtModel.Background.swift */ = {isa = PBXFileReference; lastKnownFileType = sourcecode.swift; path = EmojiArtModel.Background.swift; sourceTree = "<group>"; };
		F62DAE9429D5BFF900783C9D /* EmojiArtDocument.swift */ = {isa = PBXFileReference; lastKnownFileType = sourcecode.swift; path = EmojiArtDocument.swift; sourceTree = "<group>"; };
		F62DAE9629D5C19300783C9D /* UtilityExtensions.swift */ = {isa = PBXFileReference; fileEncoding = 4; lastKnownFileType = sourcecode.swift; name = UtilityExtensions.swift; path = ../../../../Downloads/EmojiArtL10/EmojiArt/UtilityExtensions.swift; sourceTree = "<group>"; };
		F62DAE9729D5C19300783C9D /* UtilityViews.swift */ = {isa = PBXFileReference; fileEncoding = 4; lastKnownFileType = sourcecode.swift; name = UtilityViews.swift; path = ../../../../Downloads/EmojiArtL10/EmojiArt/UtilityViews.swift; sourceTree = "<group>"; };
		F62DAE9A29D5C38B00783C9D /* EmojiArtDocumentView.swift */ = {isa = PBXFileReference; lastKnownFileType = sourcecode.swift; path = EmojiArtDocumentView.swift; sourceTree = "<group>"; };
		F64FCD8129E7563A0004C43E /* Info.plist */ = {isa = PBXFileReference; lastKnownFileType = text.plist; path = Info.plist; sourceTree = "<group>"; };
		F64FCD8229E756BC0004C43E /* libswiftWebKit.tbd */ = {isa = PBXFileReference; lastKnownFileType = "sourcecode.text-based-dylib-definition"; name = libswiftWebKit.tbd; path = usr/lib/swift/libswiftWebKit.tbd; sourceTree = SDKROOT; };
/* End PBXFileReference section */

/* Begin PBXFrameworksBuildPhase section */
		F62DAE7C29D5BC7E00783C9D /* Frameworks */ = {
			isa = PBXFrameworksBuildPhase;
			buildActionMask = 2147483647;
			files = (
				F64FCD8329E756C50004C43E /* libswiftWebKit.tbd in Frameworks */,
			);
			runOnlyForDeploymentPostprocessing = 0;
		};
/* End PBXFrameworksBuildPhase section */

/* Begin PBXGroup section */
		F62DAE7629D5BC7E00783C9D = {
			isa = PBXGroup;
			children = (
				F62DAE8129D5BC7E00783C9D /* EmojiArt */,
				F62DAE8029D5BC7E00783C9D /* Products */,
				F64FCD8029E7562F0004C43E /* Frameworks */,
			);
			sourceTree = "<group>";
		};
		F62DAE8029D5BC7E00783C9D /* Products */ = {
			isa = PBXGroup;
			children = (
				F62DAE7F29D5BC7E00783C9D /* EmojiArt.app */,
			);
			name = Products;
			sourceTree = "<group>";
		};
		F62DAE8129D5BC7E00783C9D /* EmojiArt */ = {
			isa = PBXGroup;
			children = (
				F64FCD8129E7563A0004C43E /* Info.plist */,
				F62DAE8229D5BC7E00783C9D /* EmojiArtApp.swift */,
				F62DAE9A29D5C38B00783C9D /* EmojiArtDocumentView.swift */,
				F62DAE9029D5BCAE00783C9D /* EmojiiArtModel.swift */,
				F62DAE9629D5C19300783C9D /* UtilityExtensions.swift */,
				F62DAE9729D5C19300783C9D /* UtilityViews.swift */,
				F62DAE9429D5BFF900783C9D /* EmojiArtDocument.swift */,
				F62DAE9229D5BF0A00783C9D /* EmojiArtModel.Background.swift */,
				F62DAE8629D5BC7F00783C9D /* Assets.xcassets */,
				F62DAE8829D5BC7F00783C9D /* Preview Content */,
			);
			path = EmojiArt;
			sourceTree = "<group>";
		};
		F62DAE8829D5BC7F00783C9D /* Preview Content */ = {
			isa = PBXGroup;
			children = (
				F62DAE8929D5BC7F00783C9D /* Preview Assets.xcassets */,
			);
			path = "Preview Content";
			sourceTree = "<group>";
		};
		F64FCD8029E7562F0004C43E /* Frameworks */ = {
			isa = PBXGroup;
			children = (
				F64FCD8229E756BC0004C43E /* libswiftWebKit.tbd */,
			);
			name = Frameworks;
			sourceTree = "<group>";
		};
/* End PBXGroup section */

/* Begin PBXNativeTarget section */
		F62DAE7E29D5BC7E00783C9D /* EmojiArt */ = {
			isa = PBXNativeTarget;
			buildConfigurationList = F62DAE8D29D5BC7F00783C9D /* Build configuration list for PBXNativeTarget "EmojiArt" */;
			buildPhases = (
				F62DAE7B29D5BC7E00783C9D /* Sources */,
				F62DAE7C29D5BC7E00783C9D /* Frameworks */,
				F62DAE7D29D5BC7E00783C9D /* Resources */,
			);
			buildRules = (
			);
			dependencies = (
			);
			name = EmojiArt;
			productName = EmojiArt;
			productReference = F62DAE7F29D5BC7E00783C9D /* EmojiArt.app */;
			productType = "com.apple.product-type.application";
		};
/* End PBXNativeTarget section */

/* Begin PBXProject section */
		F62DAE7729D5BC7E00783C9D /* Project object */ = {
			isa = PBXProject;
			attributes = {
				BuildIndependentTargetsInParallel = 1;
				LastSwiftUpdateCheck = 1420;
				LastUpgradeCheck = 1420;
				TargetAttributes = {
					F62DAE7E29D5BC7E00783C9D = {
						CreatedOnToolsVersion = 14.2;
					};
				};
			};
			buildConfigurationList = F62DAE7A29D5BC7E00783C9D /* Build configuration list for PBXProject "EmojiArt" */;
			compatibilityVersion = "Xcode 14.0";
			developmentRegion = en;
			hasScannedForEncodings = 0;
			knownRegions = (
				en,
				Base,
			);
			mainGroup = F62DAE7629D5BC7E00783C9D;
			productRefGroup = F62DAE8029D5BC7E00783C9D /* Products */;
			projectDirPath = "";
			projectRoot = "";
			targets = (
				F62DAE7E29D5BC7E00783C9D /* EmojiArt */,
			);
		};
/* End PBXProject section */

/* Begin PBXResourcesBuildPhase section */
		F62DAE7D29D5BC7E00783C9D /* Resources */ = {
			isa = PBXResourcesBuildPhase;
			buildActionMask = 2147483647;
			files = (
				F62DAE8A29D5BC7F00783C9D /* Preview Assets.xcassets in Resources */,
				F62DAE8729D5BC7F00783C9D /* Assets.xcassets in Resources */,
			);
			runOnlyForDeploymentPostprocessing = 0;
		};
/* End PBXResourcesBuildPhase section */

/* Begin PBXSourcesBuildPhase section */
		F62DAE7B29D5BC7E00783C9D /* Sources */ = {
			isa = PBXSourcesBuildPhase;
			buildActionMask = 2147483647;
			files = (
				F62DAE9929D5C19300783C9D /* UtilityViews.swift in Sources */,
				F62DAE9B29D5C38B00783C9D /* EmojiArtDocumentView.swift in Sources */,
				F62DAE9129D5BCAE00783C9D /* EmojiiArtModel.swift in Sources */,
				F62DAE9829D5C19300783C9D /* UtilityExtensions.swift in Sources */,
				F62DAE9529D5BFF900783C9D /* EmojiArtDocument.swift in Sources */,
				F62DAE8329D5BC7E00783C9D /* EmojiArtApp.swift in Sources */,
				F62DAE9329D5BF0A00783C9D /* EmojiArtModel.Background.swift in Sources */,
			);
			runOnlyForDeploymentPostprocessing = 0;
		};
/* End PBXSourcesBuildPhase section */

/* Begin XCBuildConfiguration section */
		F62DAE8B29D5BC7F00783C9D /* Debug */ = {
			isa = XCBuildConfiguration;
			buildSettings = {
				ALWAYS_SEARCH_USER_PATHS = NO;
				CLANG_ANALYZER_NONNULL = YES;
				CLANG_ANALYZER_NUMBER_OBJECT_CONVERSION = YES_AGGRESSIVE;
				CLANG_CXX_LANGUAGE_STANDARD = "gnu++20";
				CLANG_ENABLE_MODULES = YES;
				CLANG_ENABLE_OBJC_ARC = YES;
				CLANG_ENABLE_OBJC_WEAK = YES;
				CLANG_WARN_BLOCK_CAPTURE_AUTORELEASING = YES;
				CLANG_WARN_BOOL_CONVERSION = YES;
				CLANG_WARN_COMMA = YES;
				CLANG_WARN_CONSTANT_CONVERSION = YES;
				CLANG_WARN_DEPRECATED_OBJC_IMPLEMENTATIONS = YES;
				CLANG_WARN_DIRECT_OBJC_ISA_USAGE = YES_ERROR;
				CLANG_WARN_DOCUMENTATION_COMMENTS = YES;
				CLANG_WARN_EMPTY_BODY = YES;
				CLANG_WARN_ENUM_CONVERSION = YES;
				CLANG_WARN_INFINITE_RECURSION = YES;
				CLANG_WARN_INT_CONVERSION = YES;
				CLANG_WARN_NON_LITERAL_NULL_CONVERSION = YES;
				CLANG_WARN_OBJC_IMPLICIT_RETAIN_SELF = YES;
				CLANG_WARN_OBJC_LITERAL_CONVERSION = YES;
				CLANG_WARN_OBJC_ROOT_CLASS = YES_ERROR;
				CLANG_WARN_QUOTED_INCLUDE_IN_FRAMEWORK_HEADER = YES;
				CLANG_WARN_RANGE_LOOP_ANALYSIS = YES;
				CLANG_WARN_STRICT_PROTOTYPES = YES;
				CLANG_WARN_SUSPICIOUS_MOVE = YES;
				CLANG_WARN_UNGUARDED_AVAILABILITY = YES_AGGRESSIVE;
				CLANG_WARN_UNREACHABLE_CODE = YES;
				CLANG_WARN__DUPLICATE_METHOD_MATCH = YES;
				COPY_PHASE_STRIP = NO;
				DEBUG_INFORMATION_FORMAT = dwarf;
				ENABLE_STRICT_OBJC_MSGSEND = YES;
				ENABLE_TESTABILITY = YES;
				GCC_C_LANGUAGE_STANDARD = gnu11;
				GCC_DYNAMIC_NO_PIC = NO;
				GCC_NO_COMMON_BLOCKS = YES;
				GCC_OPTIMIZATION_LEVEL = 0;
				GCC_PREPROCESSOR_DEFINITIONS = (
					"DEBUG=1",
					"$(inherited)",
				);
				GCC_WARN_64_TO_32_BIT_CONVERSION = YES;
				GCC_WARN_ABOUT_RETURN_TYPE = YES_ERROR;
				GCC_WARN_UNDECLARED_SELECTOR = YES;
				GCC_WARN_UNINITIALIZED_AUTOS = YES_AGGRESSIVE;
				GCC_WARN_UNUSED_FUNCTION = YES;
				GCC_WARN_UNUSED_VARIABLE = YES;
				IPHONEOS_DEPLOYMENT_TARGET = 16.2;
				MTL_ENABLE_DEBUG_INFO = INCLUDE_SOURCE;
				MTL_FAST_MATH = YES;
				ONLY_ACTIVE_ARCH = YES;
				SDKROOT = iphoneos;
				SWIFT_ACTIVE_COMPILATION_CONDITIONS = DEBUG;
				SWIFT_OPTIMIZATION_LEVEL = "-Onone";
			};
			name = Debug;
		};
		F62DAE8C29D5BC7F00783C9D /* Release */ = {
			isa = XCBuildConfiguration;
			buildSettings = {
				ALWAYS_SEARCH_USER_PATHS = NO;
				CLANG_ANALYZER_NONNULL = YES;
				CLANG_ANALYZER_NUMBER_OBJECT_CONVERSION = YES_AGGRESSIVE;
				CLANG_CXX_LANGUAGE_STANDARD = "gnu++20";
				CLANG_ENABLE_MODULES = YES;
				CLANG_ENABLE_OBJC_ARC = YES;
				CLANG_ENABLE_OBJC_WEAK = YES;
				CLANG_WARN_BLOCK_CAPTURE_AUTORELEASING = YES;
				CLANG_WARN_BOOL_CONVERSION = YES;
				CLANG_WARN_COMMA = YES;
				CLANG_WARN_CONSTANT_CONVERSION = YES;
				CLANG_WARN_DEPRECATED_OBJC_IMPLEMENTATIONS = YES;
				CLANG_WARN_DIRECT_OBJC_ISA_USAGE = YES_ERROR;
				CLANG_WARN_DOCUMENTATION_COMMENTS = YES;
				CLANG_WARN_EMPTY_BODY = YES;
				CLANG_WARN_ENUM_CONVERSION = YES;
				CLANG_WARN_INFINITE_RECURSION = YES;
				CLANG_WARN_INT_CONVERSION = YES;
				CLANG_WARN_NON_LITERAL_NULL_CONVERSION = YES;
				CLANG_WARN_OBJC_IMPLICIT_RETAIN_SELF = YES;
				CLANG_WARN_OBJC_LITERAL_CONVERSION = YES;
				CLANG_WARN_OBJC_ROOT_CLASS = YES_ERROR;
				CLANG_WARN_QUOTED_INCLUDE_IN_FRAMEWORK_HEADER = YES;
				CLANG_WARN_RANGE_LOOP_ANALYSIS = YES;
				CLANG_WARN_STRICT_PROTOTYPES = YES;
				CLANG_WARN_SUSPICIOUS_MOVE = YES;
				CLANG_WARN_UNGUARDED_AVAILABILITY = YES_AGGRESSIVE;
				CLANG_WARN_UNREACHABLE_CODE = YES;
				CLANG_WARN__DUPLICATE_METHOD_MATCH = YES;
				COPY_PHASE_STRIP = NO;
				DEBUG_INFORMATION_FORMAT = "dwarf-with-dsym";
				ENABLE_NS_ASSERTIONS = NO;
				ENABLE_STRICT_OBJC_MSGSEND = YES;
				GCC_C_LANGUAGE_STANDARD = gnu11;
				GCC_NO_COMMON_BLOCKS = YES;
				GCC_WARN_64_TO_32_BIT_CONVERSION = YES;
				GCC_WARN_ABOUT_RETURN_TYPE = YES_ERROR;
				GCC_WARN_UNDECLARED_SELECTOR = YES;
				GCC_WARN_UNINITIALIZED_AUTOS = YES_AGGRESSIVE;
				GCC_WARN_UNUSED_FUNCTION = YES;
				GCC_WARN_UNUSED_VARIABLE = YES;
				IPHONEOS_DEPLOYMENT_TARGET = 16.2;
				MTL_ENABLE_DEBUG_INFO = NO;
				MTL_FAST_MATH = YES;
				SDKROOT = iphoneos;
				SWIFT_COMPILATION_MODE = wholemodule;
				SWIFT_OPTIMIZATION_LEVEL = "-O";
				VALIDATE_PRODUCT = YES;
			};
			name = Release;
		};
		F62DAE8E29D5BC7F00783C9D /* Debug */ = {
			isa = XCBuildConfiguration;
			buildSettings = {
				ASSETCATALOG_COMPILER_APPICON_NAME = AppIcon;
				ASSETCATALOG_COMPILER_GLOBAL_ACCENT_COLOR_NAME = AccentColor;
				CODE_SIGN_STYLE = Automatic;
				CURRENT_PROJECT_VERSION = 1;
				DEVELOPMENT_ASSET_PATHS = "\"EmojiArt/Preview Content\"";
				DEVELOPMENT_TEAM = 9495ZGT5QK;
				ENABLE_PREVIEWS = YES;
				GENERATE_INFOPLIST_FILE = YES;
				INFOPLIST_FILE = EmojiArt/Info.plist;
				INFOPLIST_KEY_UIApplicationSceneManifest_Generation = YES;
				INFOPLIST_KEY_UIApplicationSupportsIndirectInputEvents = YES;
				INFOPLIST_KEY_UILaunchScreen_Generation = YES;
				INFOPLIST_KEY_UISupportedInterfaceOrientations_iPad = "UIInterfaceOrientationPortrait UIInterfaceOrientationPortraitUpsideDown UIInterfaceOrientationLandscapeLeft UIInterfaceOrientationLandscapeRight";
				INFOPLIST_KEY_UISupportedInterfaceOrientations_iPhone = "UIInterfaceOrientationPortrait UIInterfaceOrientationLandscapeLeft UIInterfaceOrientationLandscapeRight";
				LD_RUNPATH_SEARCH_PATHS = (
					"$(inherited)",
					"@executable_path/Frameworks",
				);
				LIBRARY_SEARCH_PATHS = (
					"$(inherited)",
					"$(SDKROOT)/usr/lib/swift",
				);
				MARKETING_VERSION = 1.0;
				PRODUCT_BUNDLE_IDENTIFIER = com.kub.EmojiArt;
				PRODUCT_NAME = "$(TARGET_NAME)";
				SWIFT_EMIT_LOC_STRINGS = YES;
				SWIFT_VERSION = 5.0;
				TARGETED_DEVICE_FAMILY = "1,2";
			};
			name = Debug;
		};
		F62DAE8F29D5BC7F00783C9D /* Release */ = {
			isa = XCBuildConfiguration;
			buildSettings = {
				ASSETCATALOG_COMPILER_APPICON_NAME = AppIcon;
				ASSETCATALOG_COMPILER_GLOBAL_ACCENT_COLOR_NAME = AccentColor;
				CODE_SIGN_STYLE = Automatic;
				CURRENT_PROJECT_VERSION = 1;
				DEVELOPMENT_ASSET_PATHS = "\"EmojiArt/Preview Content\"";
				DEVELOPMENT_TEAM = 9495ZGT5QK;
				ENABLE_PREVIEWS = YES;
				GENERATE_INFOPLIST_FILE = YES;
				INFOPLIST_FILE = EmojiArt/Info.plist;
				INFOPLIST_KEY_UIApplicationSceneManifest_Generation = YES;
				INFOPLIST_KEY_UIApplicationSupportsIndirectInputEvents = YES;
				INFOPLIST_KEY_UILaunchScreen_Generation = YES;
				INFOPLIST_KEY_UISupportedInterfaceOrientations_iPad = "UIInterfaceOrientationPortrait UIInterfaceOrientationPortraitUpsideDown UIInterfaceOrientationLandscapeLeft UIInterfaceOrientationLandscapeRight";
				INFOPLIST_KEY_UISupportedInterfaceOrientations_iPhone = "UIInterfaceOrientationPortrait UIInterfaceOrientationLandscapeLeft UIInterfaceOrientationLandscapeRight";
				LD_RUNPATH_SEARCH_PATHS = (
					"$(inherited)",
					"@executable_path/Frameworks",
				);
				LIBRARY_SEARCH_PATHS = (
					"$(inherited)",
					"$(SDKROOT)/usr/lib/swift",
				);
				MARKETING_VERSION = 1.0;
				PRODUCT_BUNDLE_IDENTIFIER = com.kub.EmojiArt;
				PRODUCT_NAME = "$(TARGET_NAME)";
				SWIFT_EMIT_LOC_STRINGS = YES;
				SWIFT_VERSION = 5.0;
				TARGETED_DEVICE_FAMILY = "1,2";
			};
			name = Release;
		};
/* End XCBuildConfiguration section */

/* Begin XCConfigurationList section */
		F62DAE7A29D5BC7E00783C9D /* Build configuration list for PBXProject "EmojiArt" */ = {
			isa = XCConfigurationList;
			buildConfigurations = (
				F62DAE8B29D5BC7F00783C9D /* Debug */,
				F62DAE8C29D5BC7F00783C9D /* Release */,
			);
			defaultConfigurationIsVisible = 0;
			defaultConfigurationName = Release;
		};
		F62DAE8D29D5BC7F00783C9D /* Build configuration list for PBXNativeTarget "EmojiArt" */ = {
			isa = XCConfigurationList;
			buildConfigurations = (
				F62DAE8E29D5BC7F00783C9D /* Debug */,
				F62DAE8F29D5BC7F00783C9D /* Release */,
			);
			defaultConfigurationIsVisible = 0;
			defaultConfigurationName = Release;
		};
/* End XCConfigurationList section */
	};
	rootObject = F62DAE7729D5BC7E00783C9D /* Project object */;
}
